# @generated - this file is auto-generated by `mise lock` https://mise.jdx.dev/dev-tools/mise-lock.html

lockfile_version = 1

[[tools.betterleaks]]
version = "1.8.1"
backend = "aqua:betterleaks/betterleaks"
specifiers = ["latest"]

[[tools."pipx:copier"]]
version = "9.18.2"
backend = "pipx:copier"
specifiers = ["latest"]

[[tools.prek]]
version = "0.5.2"
backend = "aqua:j178/prek"
specifiers = ["latest"]

[[tools.uv]]
version = "0.12.12"
backend = "aqua:astral-sh/uv"
specifiers = ["latest"]
